// !$*UTF8*$!
{
	archiveVersion = 1;
	classes = {
	};
	objectVersion = 48;
	objects = {

/* Begin PBXBuildFile section */
		CD937A4A20523525002B388A /* AppDelegate.m in Sources */ = {isa = PBXBuildFile; fileRef = CD937A4920523525002B388A /* AppDelegate.m */; };
		CD937A4D20523525002B388A /* ViewController.m in Sources */ = {isa = PBXBuildFile; fileRef = CD937A4C20523525002B388A /* ViewController.m */; };
		CD937A5020523525002B388A /* Main.storyboard in Resources */ = {isa = PBXBuildFile; fileRef = CD937A4E20523525002B388A /* Main.storyboard */; };
		CD937A5220523525002B388A /* Assets.xcassets in Resources */ = {isa = PBXBuildFile; fileRef = CD937A5120523525002B388A /* Assets.xcassets */; };
		CD937A5520523525002B388A /* LaunchScreen.storyboard in Resources */ = {isa = PBXBuildFile; fileRef = CD937A5320523525002B388A /* LaunchScreen.storyboard */; };
		CD937A5820523525002B388A /* main.m in Sources */ = {isa = PBXBuildFile; fileRef = CD937A5720523525002B388A /* main.m */; };
		CD937A6220523525002B388A /* OnlyLiveTests.m in Sources */ = {isa = PBXBuildFile; fileRef = CD937A6120523525002B388A /* OnlyLiveTests.m */; };
		CD937A6D20523525002B388A /* OnlyLiveUITests.m in Sources */ = {isa = PBXBuildFile; fileRef = CD937A6C20523525002B388A /* OnlyLiveUITests.m */; };
/* End PBXBuildFile section */

/* Begin PBXContainerItemProxy section */
		CD937A5E20523525002B388A /* PBXContainerItemProxy */ = {
			isa = PBXContainerItemProxy;
			containerPortal = CD937A3D20523525002B388A /* Project object */;
			proxyType = 1;
			remoteGlobalIDString = CD937A4420523525002B388A;
			remoteInfo = OnlyLive;
		};
		CD937A6920523525002B388A /* PBXContainerItemProxy */ = {
			isa = PBXContainerItemProxy;
			containerPortal = CD937A3D20523525002B388A /* Project object */;
			proxyType = 1;
			remoteGlobalIDString = CD937A4420523525002B388A;
			remoteInfo = OnlyLive;
		};
/* End PBXContainerItemProxy section */

/* Begin PBXFileReference section */
		CD937A4520523525002B388A /* OnlyLive.app */ = {isa = PBXFileReference; explicitFileType = wrapper.application; includeInIndex = 0; path = OnlyLive.app; sourceTree = BUILT_PRODUCTS_DIR; };
		CD937A4820523525002B388A /* AppDelegate.h */ = {isa = PBXFileReference; lastKnownFileType = sourcecode.c.h; path = AppDelegate.h; sourceTree = "<group>"; };
		CD937A4920523525002B388A /* AppDelegate.m */ = {isa = PBXFileReference; lastKnownFileType = sourcecode.c.objc; path = AppDelegate.m; sourceTree = "<group>"; };
		CD937A4B20523525002B388A /* ViewController.h */ = {isa = PBXFileReference; lastKnownFileType = sourcecode.c.h; path = ViewController.h; sourceTree = "<group>"; };
		CD937A4C20523525002B388A /* ViewController.m */ = {isa = PBXFileReference; lastKnownFileType = sourcecode.c.objc; path = ViewController.m; sourceTree = "<group>"; };
		CD937A4F20523525002B388A /* Base */ = {isa = PBXFileReference; lastKnownFileType = file.storyboard; name = Base; path = Base.lproj/Main.storyboard; sourceTree = "<group>"; };
		CD937A5120523525002B388A /* Assets.xcassets */ = {isa = PBXFileReference; lastKnownFileType = folder.assetcatalog; path = Assets.xcassets; sourceTree = "<group>"; };
		CD937A5420523525002B388A /* Base */ = {isa = PBXFileReference; lastKnownFileType = file.storyboard; name = Base; path = Base.lproj/LaunchScreen.storyboard; sourceTree = "<group>"; };
		CD937A5620523525002B388A /* Info.plist */ = {isa = PBXFileReference; lastKnownFileType = text.plist.xml; path = Info.plist; sourceTree = "<group>"; };
		CD937A5720523525002B388A /* main.m */ = {isa = PBXFileReference; lastKnownFileType = sourcecode.c.objc; path = main.m; sourceTree = "<group>"; };
		CD937A5D20523525002B388A /* OnlyLiveTests.xctest */ = {isa = PBXFileReference; explicitFileType = wrapper.cfbundle; includeInIndex = 0; path = OnlyLiveTests.xctest; sourceTree = BUILT_PRODUCTS_DIR; };
		CD937A6120523525002B388A /* OnlyLiveTests.m */ = {isa = PBXFileReference; lastKnownFileType = sourcecode.c.objc; path = OnlyLiveTests.m; sourceTree = "<group>"; };
		CD937A6320523525002B388A /* Info.plist */ = {isa = PBXFileReference; lastKnownFileType = text.plist.xml; path = Info.plist; sourceTree = "<group>"; };
		CD937A6820523525002B388A /* OnlyLiveUITests.xctest */ = {isa = PBXFileReference; explicitFileType = wrapper.cfbundle; includeInIndex = 0; path = OnlyLiveUITests.xctest; sourceTree = BUILT_PRODUCTS_DIR; };
		CD937A6C20523525002B388A /* OnlyLiveUITests.m */ = {isa = PBXFileReference; lastKnownFileType = sourcecode.c.objc; path = OnlyLiveUITests.m; sourceTree = "<group>"; };
		CD937A6E20523525002B388A /* Info.plist */ = {isa = PBXFileReference; lastKnownFileType = text.plist.xml; path = Info.plist; sourceTree = "<group>"; };
/* End PBXFileReference section */

/* Begin PBXFrameworksBuildPhase section */
		CD937A4220523525002B388A /* Frameworks */ = {
			isa = PBXFrameworksBuildPhase;
			buildActionMask = 2147483647;
			files = (
			);
			runOnlyForDeploymentPostprocessing = 0;
		};
		CD937A5A20523525002B388A /* Frameworks */ = {
			isa = PBXFrameworksBuildPhase;
			buildActionMask = 2147483647;
			files = (
			);
			runOnlyForDeploymentPostprocessing = 0;
		};
		CD937A6520523525002B388A /* Frameworks */ = {
			isa = PBXFrameworksBuildPhase;
			buildActionMask = 2147483647;
			files = (
			);
			runOnlyForDeploymentPostprocessing = 0;
		};
/* End PBXFrameworksBuildPhase section */

/* Begin PBXGroup section */
		CD937A3C20523525002B388A = {
			isa = PBXGroup;
			children = (
				CD937A4720523525002B388A /* OnlyLive */,
				CD937A6020523525002B388A /* OnlyLiveTests */,
				CD937A6B20523525002B388A /* OnlyLiveUITests */,
				CD937A4620523525002B388A /* Products */,
			);
			sourceTree = "<group>";
		};
		CD937A4620523525002B388A /* Products */ = {
			isa = PBXGroup;
			children = (
				CD937A4520523525002B388A /* OnlyLive.app */,
				CD937A5D20523525002B388A /* OnlyLiveTests.xctest */,
				CD937A6820523525002B388A /* OnlyLiveUITests.xctest */,
			);
			name = Products;
			sourceTree = "<group>";
		};
		CD937A4720523525002B388A /* OnlyLive */ = {
			isa = PBXGroup;
			children = (
				CD937A4820523525002B388A /* AppDelegate.h */,
				CD937A4920523525002B388A /* AppDelegate.m */,
				CD937A4B20523525002B388A /* ViewController.h */,
				CD937A4C20523525002B388A /* ViewController.m */,
				CD937A4E20523525002B388A /* Main.storyboard */,
				CD937A5120523525002B388A /* Assets.xcassets */,
				CD937A5320523525002B388A /* LaunchScreen.storyboard */,
				CD937A5620523525002B388A /* Info.plist */,
				CD937A5720523525002B388A /* main.m */,
			);
			path = OnlyLive;
			sourceTree = "<group>";
		};
		CD937A6020523525002B388A /* OnlyLiveTests */ = {
			isa = PBXGroup;
			children = (
				CD937A6120523525002B388A /* OnlyLiveTests.m */,
				CD937A6320523525002B388A /* Info.plist */,
			);
			path = OnlyLiveTests;
			sourceTree = "<group>";
		};
		CD937A6B20523525002B388A /* OnlyLiveUITests */ = {
			isa = PBXGroup;
			children = (
				CD937A6C20523525002B388A /* OnlyLiveUITests.m */,
				CD937A6E20523525002B388A /* Info.plist */,
			);
			path = OnlyLiveUITests;
			sourceTree = "<group>";
		};
/* End PBXGroup section */

/* Begin PBXNativeTarget section */
		CD937A4420523525002B388A /* OnlyLive */ = {
			isa = PBXNativeTarget;
			buildConfigurationList = CD937A7120523525002B388A /* Build configuration list for PBXNativeTarget "OnlyLive" */;
			buildPhases = (
				CD937A4120523525002B388A /* Sources */,
				CD937A4220523525002B388A /* Frameworks */,
				CD937A4320523525002B388A /* Resources */,
			);
			buildRules = (
			);
			dependencies = (
			);
			name = OnlyLive;
			productName = OnlyLive;
			productReference = CD937A4520523525002B388A /* OnlyLive.app */;
			productType = "com.apple.product-type.application";
		};
		CD937A5C20523525002B388A /* OnlyLiveTests */ = {
			isa = PBXNativeTarget;
			buildConfigurationList = CD937A7420523525002B388A /* Build configuration list for PBXNativeTarget "OnlyLiveTests" */;
			buildPhases = (
				CD937A5920523525002B388A /* Sources */,
				CD937A5A20523525002B388A /* Frameworks */,
				CD937A5B20523525002B388A /* Resources */,
			);
			buildRules = (
			);
			dependencies = (
				CD937A5F20523525002B388A /* PBXTargetDependency */,
			);
			name = OnlyLiveTests;
			productName = OnlyLiveTests;
			productReference = CD937A5D20523525002B388A /* OnlyLiveTests.xctest */;
			productType = "com.apple.product-type.bundle.unit-test";
		};
		CD937A6720523525002B388A /* OnlyLiveUITests */ = {
			isa = PBXNativeTarget;
			buildConfigurationList = CD937A7720523525002B388A /* Build configuration list for PBXNativeTarget "OnlyLiveUITests" */;
			buildPhases = (
				CD937A6420523525002B388A /* Sources */,
				CD937A6520523525002B388A /* Frameworks */,
				CD937A6620523525002B388A /* Resources */,
			);
			buildRules = (
			);
			dependencies = (
				CD937A6A20523525002B388A /* PBXTargetDependency */,
			);
			name = OnlyLiveUITests;
			productName = OnlyLiveUITests;
			productReference = CD937A6820523525002B388A /* OnlyLiveUITests.xctest */;
			productType = "com.apple.product-type.bundle.ui-testing";
		};
/* End PBXNativeTarget section */

/* Begin PBXProject section */
		CD937A3D20523525002B388A /* Project object */ = {
			isa = PBXProject;
			attributes = {
				LastUpgradeCheck = 0920;
				ORGANIZATIONNAME = only;
				TargetAttributes = {
					CD937A4420523525002B388A = {
						CreatedOnToolsVersion = 9.2;
						ProvisioningStyle = Automatic;
					};
					CD937A5C20523525002B388A = {
						CreatedOnToolsVersion = 9.2;
						ProvisioningStyle = Automatic;
						TestTargetID = CD937A4420523525002B388A;
					};
					CD937A6720523525002B388A = {
						CreatedOnToolsVersion = 9.2;
						ProvisioningStyle = Automatic;
						TestTargetID = CD937A4420523525002B388A;
					};
				};
			};
			buildConfigurationList = CD937A4020523525002B388A /* Build configuration list for PBXProject "OnlyLive" */;
			compatibilityVersion = "Xcode 8.0";
			developmentRegion = en;
			hasScannedForEncodings = 0;
			knownRegions = (
				en,
				Base,
			);
			mainGroup = CD937A3C20523525002B388A;
			productRefGroup = CD937A4620523525002B388A /* Products */;
			projectDirPath = "";
			projectRoot = "";
			targets = (
				CD937A4420523525002B388A /* OnlyLive */,
				CD937A5C20523525002B388A /* OnlyLiveTests */,
				CD937A6720523525002B388A /* OnlyLiveUITests */,
			);
		};
/* End PBXProject section */

/* Begin PBXResourcesBuildPhase section */
		CD937A4320523525002B388A /* Resources */ = {
			isa = PBXResourcesBuildPhase;
			buildActionMask = 2147483647;
			files = (
				CD937A5520523525002B388A /* LaunchScreen.storyboard in Resources */,
				CD937A5220523525002B388A /* Assets.xcassets in Resources */,
				CD937A5020523525002B388A /* Main.storyboard in Resources */,
			);
			runOnlyForDeploymentPostprocessing = 0;
		};
		CD937A5B20523525002B388A /* Resources */ = {
			isa = PBXResourcesBuildPhase;
			buildActionMask = 2147483647;
			files = (
			);
			runOnlyForDeploymentPostprocessing = 0;
		};
		CD937A6620523525002B388A /* Resources */ = {
			isa = PBXResourcesBuildPhase;
			buildActionMask = 2147483647;
			files = (
			);
			runOnlyForDeploymentPostprocessing = 0;
		};
/* End PBXResourcesBuildPhase section */

/* Begin PBXSourcesBuildPhase section */
		CD937A4120523525002B388A /* Sources */ = {
			isa = PBXSourcesBuildPhase;
			buildActionMask = 2147483647;
			files = (
				CD937A4D20523525002B388A /* ViewController.m in Sources */,
				CD937A5820523525002B388A /* main.m in Sources */,
				CD937A4A20523525002B388A /* AppDelegate.m in Sources */,
			);
			runOnlyForDeploymentPostprocessing = 0;
		};
		CD937A5920523525002B388A /* Sources */ = {
			isa = PBXSourcesBuildPhase;
			buildActionMask = 2147483647;
			files = (
				CD937A6220523525002B388A /* OnlyLiveTests.m in Sources */,
			);
			runOnlyForDeploymentPostprocessing = 0;
		};
		CD937A6420523525002B388A /* Sources */ = {
			isa = PBXSourcesBuildPhase;
			buildActionMask = 2147483647;
			files = (
				CD937A6D20523525002B388A /* OnlyLiveUITests.m in Sources */,
			);
			runOnlyForDeploymentPostprocessing = 0;
		};
/* End PBXSourcesBuildPhase section */

/* Begin PBXTargetDependency section */
		CD937A5F20523525002B388A /* PBXTargetDependency */ = {
			isa = PBXTargetDependency;
			target = CD937A4420523525002B388A /* OnlyLive */;
			targetProxy = CD937A5E20523525002B388A /* PBXContainerItemProxy */;
		};
		CD937A6A20523525002B388A /* PBXTargetDependency */ = {
			isa = PBXTargetDependency;
			target = CD937A4420523525002B388A /* OnlyLive */;
			targetProxy = CD937A6920523525002B388A /* PBXContainerItemProxy */;
		};
/* End PBXTargetDependency section */

/* Begin PBXVariantGroup section */
		CD937A4E20523525002B388A /* Main.storyboard */ = {
			isa = PBXVariantGroup;
			children = (
				CD937A4F20523525002B388A /* Base */,
			);
			name = Main.storyboard;
			sourceTree = "<group>";
		};
		CD937A5320523525002B388A /* LaunchScreen.storyboard */ = {
			isa = PBXVariantGroup;
			children = (
				CD937A5420523525002B388A /* Base */,
			);
			name = LaunchScreen.storyboard;
			sourceTree = "<group>";
		};
/* End PBXVariantGroup section */

/* Begin XCBuildConfiguration section */
		CD937A6F20523525002B388A /* Debug */ = {
			isa = XCBuildConfiguration;
			buildSettings = {
				ALWAYS_SEARCH_USER_PATHS = NO;
				CLANG_ANALYZER_NONNULL = YES;
				CLANG_ANALYZER_NUMBER_OBJECT_CONVERSION = YES_AGGRESSIVE;
				CLANG_CXX_LANGUAGE_STANDARD = "gnu++14";
				CLANG_CXX_LIBRARY = "libc++";
				CLANG_ENABLE_MODULES = YES;
				CLANG_ENABLE_OBJC_ARC = YES;
				CLANG_WARN_BLOCK_CAPTURE_AUTORELEASING = YES;
				CLANG_WARN_BOOL_CONVERSION = YES;
				CLANG_WARN_COMMA = YES;
				CLANG_WARN_CONSTANT_CONVERSION = YES;
				CLANG_WARN_DIRECT_OBJC_ISA_USAGE = YES_ERROR;
				CLANG_WARN_DOCUMENTATION_COMMENTS = YES;
				CLANG_WARN_EMPTY_BODY = YES;
				CLANG_WARN_ENUM_CONVERSION = YES;
				CLANG_WARN_INFINITE_RECURSION = YES;
				CLANG_WARN_INT_CONVERSION = YES;
				CLANG_WARN_NON_LITERAL_NULL_CONVERSION = YES;
				CLANG_WARN_OBJC_LITERAL_CONVERSION = YES;
				CLANG_WARN_OBJC_ROOT_CLASS = YES_ERROR;
				CLANG_WARN_RANGE_LOOP_ANALYSIS = YES;
				CLANG_WARN_STRICT_PROTOTYPES = YES;
				CLANG_WARN_SUSPICIOUS_MOVE = YES;
				CLANG_WARN_UNGUARDED_AVAILABILITY = YES_AGGRESSIVE;
				CLANG_WARN_UNREACHABLE_CODE = YES;
				CLANG_WARN__DUPLICATE_METHOD_MATCH = YES;
				CODE_SIGN_IDENTITY = "iPhone Developer";
				COPY_PHASE_STRIP = NO;
				DEBUG_INFORMATION_FORMAT = dwarf;
				ENABLE_STRICT_OBJC_MSGSEND = YES;
				ENABLE_TESTABILITY = YES;
				GCC_C_LANGUAGE_STANDARD = gnu11;
				GCC_DYNAMIC_NO_PIC = NO;
				GCC_NO_COMMON_BLOCKS = YES;
				GCC_OPTIMIZATION_LEVEL = 0;
				GCC_PREPROCESSOR_DEFINITIONS = (
					"DEBUG=1",
					"$(inherited)",
				);
				GCC_WARN_64_TO_32_BIT_CONVERSION = YES;
				GCC_WARN_ABOUT_RETURN_TYPE = YES_ERROR;
				GCC_WARN_UNDECLARED_SELECTOR = YES;
				GCC_WARN_UNINITIALIZED_AUTOS = YES_AGGRESSIVE;
				GCC_WARN_UNUSED_FUNCTION = YES;
				GCC_WARN_UNUSED_VARIABLE = YES;
				IPHONEOS_DEPLOYMENT_TARGET = 11.2;
				MTL_ENABLE_DEBUG_INFO = YES;
				ONLY_ACTIVE_ARCH = YES;
				SDKROOT = iphoneos;
			};
			name = Debug;
		};
		CD937A7020523525002B388A /* Release */ = {
			isa = XCBuildConfiguration;
			buildSettings = {
				ALWAYS_SEARCH_USER_PATHS = NO;
				CLANG_ANALYZER_NONNULL = YES;
				CLANG_ANALYZER_NUMBER_OBJECT_CONVERSION = YES_AGGRESSIVE;
				CLANG_CXX_LANGUAGE_STANDARD = "gnu++14";
				CLANG_CXX_LIBRARY = "libc++";
				CLANG_ENABLE_MODULES = YES;
				CLANG_ENABLE_OBJC_ARC = YES;
				CLANG_WARN_BLOCK_CAPTURE_AUTORELEASING = YES;
				CLANG_WARN_BOOL_CONVERSION = YES;
				CLANG_WARN_COMMA = YES;
				CLANG_WARN_CONSTANT_CONVERSION = YES;
				CLANG_WARN_DIRECT_OBJC_ISA_USAGE = YES_ERROR;
				CLANG_WARN_DOCUMENTATION_COMMENTS = YES;
				CLANG_WARN_EMPTY_BODY = YES;
				CLANG_WARN_ENUM_CONVERSION = YES;
				CLANG_WARN_INFINITE_RECURSION = YES;
				CLANG_WARN_INT_CONVERSION = YES;
				CLANG_WARN_NON_LITERAL_NULL_CONVERSION = YES;
				CLANG_WARN_OBJC_LITERAL_CONVERSION = YES;
				CLANG_WARN_OBJC_ROOT_CLASS = YES_ERROR;
				CLANG_WARN_RANGE_LOOP_ANALYSIS = YES;
				CLANG_WARN_STRICT_PROTOTYPES = YES;
				CLANG_WARN_SUSPICIOUS_MOVE = YES;
				CLANG_WARN_UNGUARDED_AVAILABILITY = YES_AGGRESSIVE;
				CLANG_WARN_UNREACHABLE_CODE = YES;
				CLANG_WARN__DUPLICATE_METHOD_MATCH = YES;
				CODE_SIGN_IDENTITY = "iPhone Developer";
				COPY_PHASE_STRIP = NO;
				DEBUG_INFORMATION_FORMAT = "dwarf-with-dsym";
				ENABLE_NS_ASSERTIONS = NO;
				ENABLE_STRICT_OBJC_MSGSEND = YES;
				GCC_C_LANGUAGE_STANDARD = gnu11;
				GCC_NO_COMMON_BLOCKS = YES;
				GCC_WARN_64_TO_32_BIT_CONVERSION = YES;
				GCC_WARN_ABOUT_RETURN_TYPE = YES_ERROR;
				GCC_WARN_UNDECLARED_SELECTOR = YES;
				GCC_WARN_UNINITIALIZED_AUTOS = YES_AGGRESSIVE;
				GCC_WARN_UNUSED_FUNCTION = YES;
				GCC_WARN_UNUSED_VARIABLE = YES;
				IPHONEOS_DEPLOYMENT_TARGET = 11.2;
				MTL_ENABLE_DEBUG_INFO = NO;
				SDKROOT = iphoneos;
				VALIDATE_PRODUCT = YES;
			};
			name = Release;
		};
		CD937A7220523525002B388A /* Debug */ = {
			isa = XCBuildConfiguration;
			buildSettings = {
				ASSETCATALOG_COMPILER_APPICON_NAME = AppIcon;
				CODE_SIGN_STYLE = Automatic;
				DEVELOPMENT_TEAM = 8NLAUJVW9U;
				INFOPLIST_FILE = OnlyLive/Info.plist;
				LD_RUNPATH_SEARCH_PATHS = "$(inherited) @executable_path/Frameworks";
				PRODUCT_BUNDLE_IDENTIFIER = comCamera.Le.OnlyLive;
				PRODUCT_NAME = "$(TARGET_NAME)";
				TARGETED_DEVICE_FAMILY = "1,2";
			};
			name = Debug;
		};
		CD937A7320523525002B388A /* Release */ = {
			isa = XCBuildConfiguration;
			buildSettings = {
				ASSETCATALOG_COMPILER_APPICON_NAME = AppIcon;
				CODE_SIGN_STYLE = Automatic;
				DEVELOPMENT_TEAM = 8NLAUJVW9U;
				INFOPLIST_FILE = OnlyLive/Info.plist;
				LD_RUNPATH_SEARCH_PATHS = "$(inherited) @executable_path/Frameworks";
				PRODUCT_BUNDLE_IDENTIFIER = comCamera.Le.OnlyLive;
				PRODUCT_NAME = "$(TARGET_NAME)";
				TARGETED_DEVICE_FAMILY = "1,2";
			};
			name = Release;
		};
		CD937A7520523525002B388A /* Debug */ = {
			isa = XCBuildConfiguration;
			buildSettings = {
				BUNDLE_LOADER = "$(TEST_HOST)";
				CODE_SIGN_STYLE = Automatic;
				INFOPLIST_FILE = OnlyLiveTests/Info.plist;
				LD_RUNPATH_SEARCH_PATHS = "$(inherited) @executable_path/Frameworks @loader_path/Frameworks";
				PRODUCT_BUNDLE_IDENTIFIER = comCamera.Le.OnlyLiveTests;
				PRODUCT_NAME = "$(TARGET_NAME)";
				TARGETED_DEVICE_FAMILY = "1,2";
				TEST_HOST = "$(BUILT_PRODUCTS_DIR)/OnlyLive.app/OnlyLive";
			};
			name = Debug;
		};
		CD937A7620523525002B388A /* Release */ = {
			isa = XCBuildConfiguration;
			buildSettings = {
				BUNDLE_LOADER = "$(TEST_HOST)";
				CODE_SIGN_STYLE = Automatic;
				INFOPLIST_FILE = OnlyLiveTests/Info.plist;
				LD_RUNPATH_SEARCH_PATHS = "$(inherited) @executable_path/Frameworks @loader_path/Frameworks";
				PRODUCT_BUNDLE_IDENTIFIER = comCamera.Le.OnlyLiveTests;
				PRODUCT_NAME = "$(TARGET_NAME)";
				TARGETED_DEVICE_FAMILY = "1,2";
				TEST_HOST = "$(BUILT_PRODUCTS_DIR)/OnlyLive.app/OnlyLive";
			};
			name = Release;
		};
		CD937A7820523525002B388A /* Debug */ = {
			isa = XCBuildConfiguration;
			buildSettings = {
				CODE_SIGN_STYLE = Automatic;
				INFOPLIST_FILE = OnlyLiveUITests/Info.plist;
				LD_RUNPATH_SEARCH_PATHS = "$(inherited) @executable_path/Frameworks @loader_path/Frameworks";
				PRODUCT_BUNDLE_IDENTIFIER = comCamera.Le.OnlyLiveUITests;
				PRODUCT_NAME = "$(TARGET_NAME)";
				TARGETED_DEVICE_FAMILY = "1,2";
				TEST_TARGET_NAME = OnlyLive;
			};
			name = Debug;
		};
		CD937A7920523525002B388A /* Release */ = {
			isa = XCBuildConfiguration;
			buildSettings = {
				CODE_SIGN_STYLE = Automatic;
				INFOPLIST_FILE = OnlyLiveUITests/Info.plist;
				LD_RUNPATH_SEARCH_PATHS = "$(inherited) @executable_path/Frameworks @loader_path/Frameworks";
				PRODUCT_BUNDLE_IDENTIFIER = comCamera.Le.OnlyLiveUITests;
				PRODUCT_NAME = "$(TARGET_NAME)";
				TARGETED_DEVICE_FAMILY = "1,2";
				TEST_TARGET_NAME = OnlyLive;
			};
			name = Release;
		};
/* End XCBuildConfiguration section */

/* Begin XCConfigurationList section */
		CD937A4020523525002B388A /* Build configuration list for PBXProject "OnlyLive" */ = {
			isa = XCConfigurationList;
			buildConfigurations = (
				CD937A6F20523525002B388A /* Debug */,
				CD937A7020523525002B388A /* Release */,
			);
			defaultConfigurationIsVisible = 0;
			defaultConfigurationName = Release;
		};
		CD937A7120523525002B388A /* Build configuration list for PBXNativeTarget "OnlyLive" */ = {
			isa = XCConfigurationList;
			buildConfigurations = (
				CD937A7220523525002B388A /* Debug */,
				CD937A7320523525002B388A /* Release */,
			);
			defaultConfigurationIsVisible = 0;
			defaultConfigurationName = Release;
		};
		CD937A7420523525002B388A /* Build configuration list for PBXNativeTarget "OnlyLiveTests" */ = {
			isa = XCConfigurationList;
			buildConfigurations = (
				CD937A7520523525002B388A /* Debug */,
				CD937A7620523525002B388A /* Release */,
			);
			defaultConfigurationIsVisible = 0;
			defaultConfigurationName = Release;
		};
		CD937A7720523525002B388A /* Build configuration list for PBXNativeTarget "OnlyLiveUITests" */ = {
			isa = XCConfigurationList;
			buildConfigurations = (
				CD937A7820523525002B388A /* Debug */,
				CD937A7920523525002B388A /* Release */,
			);
			defaultConfigurationIsVisible = 0;
			defaultConfigurationName = Release;
		};
/* End XCConfigurationList section */
	};
	rootObject = CD937A3D20523525002B388A /* Project object */;
}
